
Microsoft Visual Studio Solution File, Format Version 12.00
# Visual Studio Version 17
VisualStudioVersion = 17.11.35222.181
MinimumVisualStudioVersion = 10.0.40219.1
Project("{FAE04EC0-301F-11D3-BF4B-00C04F79EFBC}") = "Assignment4", "Assignment4.csproj", "{17519810-524D-4D3D-A7E1-44D6CD3A48DA}"
EndProject
Global
	GlobalSection(SolutionConfigurationPlatforms) = preSolution
		Debug|Any CPU = Debug|Any CPU
		Release|Any CPU = Release|Any CPU
	EndGlobalSection
	GlobalSection(ProjectConfigurationPlatforms) = postSolution
		{17519810-524D-4D3D-A7E1-44D6CD3A48DA}.Debug|Any CPU.ActiveCfg = Debug|Any CPU
		{17519810-524D-4D3D-A7E1-44D6CD3A48DA}.Debug|Any CPU.Build.0 = Debug|Any CPU
		{17519810-524D-4D3D-A7E1-44D6CD3A48DA}.Release|Any CPU.ActiveCfg = Release|Any CPU
		{17519810-524D-4D3D-A7E1-44D6CD3A48DA}.Release|Any CPU.Build.0 = Release|Any CPU
	EndGlobalSection
	GlobalSection(SolutionProperties) = preSolution
		HideSolutionNode = FALSE
	EndGlobalSection
	GlobalSection(ExtensibilityGlobals) = postSolution
		SolutionGuid = {69FB6A3C-2FEF-4295-9A64-79CA3A37F1F7}
	EndGlobalSection
EndGlobal
